Microsoft Visual Studio Solution File, Format Version 12.00
# Visual Studio Version 17
VisualStudioVersion = 17.5.2.0
MinimumVisualStudioVersion = 10.0.40219.1
Project("{FAE04EC0-301F-11D3-BF4B-00C04F79EFBC}") = "RiseRunning-ScannerCode", "RiseRunning-ScannerCode.csproj", "{FCA64A03-F041-BDDF-9908-8EB12ED19B71}"
EndProject
Global
	GlobalSection(SolutionConfigurationPlatforms) = preSolution
		Debug|Any CPU = Debug|Any CPU
		Release|Any CPU = Release|Any CPU
	EndGlobalSection
	GlobalSection(ProjectConfigurationPlatforms) = postSolution
		{FCA64A03-F041-BDDF-9908-8EB12ED19B71}.Debug|Any CPU.ActiveCfg = Debug|Any CPU
		{FCA64A03-F041-BDDF-9908-8EB12ED19B71}.Debug|Any CPU.Build.0 = Debug|Any CPU
		{FCA64A03-F041-BDDF-9908-8EB12ED19B71}.Release|Any CPU.ActiveCfg = Release|Any CPU
		{FCA64A03-F041-BDDF-9908-8EB12ED19B71}.Release|Any CPU.Build.0 = Release|Any CPU
	EndGlobalSection
	GlobalSection(SolutionProperties) = preSolution
		HideSolutionNode = FALSE
	EndGlobalSection
	GlobalSection(ExtensibilityGlobals) = postSolution
		SolutionGuid = {A4BC1488-ECD0-4831-84EF-DA55A3B0F8CA}
	EndGlobalSection
EndGlobal
